
Microsoft Visual Studio Solution File, Format Version 12.00
# Visual Studio Version 17
VisualStudioVersion = 17.0.31611.283
MinimumVisualStudioVersion = 10.0.40219.1
Project("{9A19103F-16F7-4668-BE54-9A1E7A4F7556}") = "MauiCalendar", "MauiCalendar\MauiCalendar.csproj", "{3B5F0743-B8F9-4CCC-85D7-DF0730DD1FD0}"
EndProject
Project("{FAE04EC0-301F-11D3-BF4B-00C04F79EFBC}") = "MauiCalendarTests", "MauiCalendarTests\MauiCalendarTests.csproj", "{11904123-10EA-42F2-868E-3121BA5DE4CD}"
EndProject
Project("{FAE04EC0-301F-11D3-BF4B-00C04F79EFBC}") = "CalendarLib", "CalendarLib\CalendarLib.csproj", "{6B36C37A-0D03-4E96-B376-6FF022BEB3B2}"
EndProject
Global
	GlobalSection(SolutionConfigurationPlatforms) = preSolution
		Debug|Any CPU = Debug|Any CPU
		Release|Any CPU = Release|Any CPU
	EndGlobalSection
	GlobalSection(ProjectConfigurationPlatforms) = postSolution
		{3B5F0743-B8F9-4CCC-85D7-DF0730DD1FD0}.Debug|Any CPU.ActiveCfg = Debug|Any CPU
		{3B5F0743-B8F9-4CCC-85D7-DF0730DD1FD0}.Debug|Any CPU.Build.0 = Debug|Any CPU
		{3B5F0743-B8F9-4CCC-85D7-DF0730DD1FD0}.Debug|Any CPU.Deploy.0 = Debug|Any CPU
		{3B5F0743-B8F9-4CCC-85D7-DF0730DD1FD0}.Release|Any CPU.ActiveCfg = Release|Any CPU
		{3B5F0743-B8F9-4CCC-85D7-DF0730DD1FD0}.Release|Any CPU.Build.0 = Release|Any CPU
		{3B5F0743-B8F9-4CCC-85D7-DF0730DD1FD0}.Release|Any CPU.Deploy.0 = Release|Any CPU
		{11904123-10EA-42F2-868E-3121BA5DE4CD}.Debug|Any CPU.ActiveCfg = Debug|Any CPU
		{11904123-10EA-42F2-868E-3121BA5DE4CD}.Debug|Any CPU.Build.0 = Debug|Any CPU
		{11904123-10EA-42F2-868E-3121BA5DE4CD}.Release|Any CPU.ActiveCfg = Release|Any CPU
		{11904123-10EA-42F2-868E-3121BA5DE4CD}.Release|Any CPU.Build.0 = Release|Any CPU
		{6B36C37A-0D03-4E96-B376-6FF022BEB3B2}.Debug|Any CPU.ActiveCfg = Debug|Any CPU
		{6B36C37A-0D03-4E96-B376-6FF022BEB3B2}.Debug|Any CPU.Build.0 = Debug|Any CPU
		{6B36C37A-0D03-4E96-B376-6FF022BEB3B2}.Release|Any CPU.ActiveCfg = Release|Any CPU
		{6B36C37A-0D03-4E96-B376-6FF022BEB3B2}.Release|Any CPU.Build.0 = Release|Any CPU
	EndGlobalSection
	GlobalSection(SolutionProperties) = preSolution
		HideSolutionNode = FALSE
	EndGlobalSection
	GlobalSection(ExtensibilityGlobals) = postSolution
		SolutionGuid = {61F7FB11-1E47-470C-91E2-47F8143E1572}
	EndGlobalSection
EndGlobal
